
Microsoft Visual Studio Solution File, Format Version 12.00
# Visual Studio Version 16
VisualStudioVersion = 16.0.32228.343
MinimumVisualStudioVersion = 10.0.40219.1
Project("{FAE04EC0-301F-11D3-BF4B-00C04F79EFBC}") = "InchirieriAuto", "InchirieriAuto.csproj", "{2DF6FC1D-0F33-43FA-9464-1AE103AEC096}"
EndProject
Project("{FAE04EC0-301F-11D3-BF4B-00C04F79EFBC}") = "LibrarieClase", "..\LibrarieClase\LibrarieClase.csproj", "{171A326D-D604-47A1-A070-2353E5AFF34C}"
EndProject
Project("{FAE04EC0-301F-11D3-BF4B-00C04F79EFBC}") = "Interfata", "..\Interfata\Interfata.csproj", "{16C596D9-7BC1-4442-995F-C35E3FE3A46D}"
EndProject
Global
	GlobalSection(SolutionConfigurationPlatforms) = preSolution
		Debug|Any CPU = Debug|Any CPU
		Release|Any CPU = Release|Any CPU
	EndGlobalSection
	GlobalSection(ProjectConfigurationPlatforms) = postSolution
		{2DF6FC1D-0F33-43FA-9464-1AE103AEC096}.Debug|Any CPU.ActiveCfg = Debug|Any CPU
		{2DF6FC1D-0F33-43FA-9464-1AE103AEC096}.Debug|Any CPU.Build.0 = Debug|Any CPU
		{2DF6FC1D-0F33-43FA-9464-1AE103AEC096}.Release|Any CPU.ActiveCfg = Release|Any CPU
		{2DF6FC1D-0F33-43FA-9464-1AE103AEC096}.Release|Any CPU.Build.0 = Release|Any CPU
		{171A326D-D604-47A1-A070-2353E5AFF34C}.Debug|Any CPU.ActiveCfg = Debug|Any CPU
		{171A326D-D604-47A1-A070-2353E5AFF34C}.Debug|Any CPU.Build.0 = Debug|Any CPU
		{171A326D-D604-47A1-A070-2353E5AFF34C}.Release|Any CPU.ActiveCfg = Release|Any CPU
		{171A326D-D604-47A1-A070-2353E5AFF34C}.Release|Any CPU.Build.0 = Release|Any CPU
		{16C596D9-7BC1-4442-995F-C35E3FE3A46D}.Debug|Any CPU.ActiveCfg = Debug|Any CPU
		{16C596D9-7BC1-4442-995F-C35E3FE3A46D}.Debug|Any CPU.Build.0 = Debug|Any CPU
		{16C596D9-7BC1-4442-995F-C35E3FE3A46D}.Release|Any CPU.ActiveCfg = Release|Any CPU
		{16C596D9-7BC1-4442-995F-C35E3FE3A46D}.Release|Any CPU.Build.0 = Release|Any CPU
	EndGlobalSection
	GlobalSection(SolutionProperties) = preSolution
		HideSolutionNode = FALSE
	EndGlobalSection
	GlobalSection(ExtensibilityGlobals) = postSolution
		SolutionGuid = {6E55E130-7249-4615-A265-91C00CCB6C8A}
	EndGlobalSection
EndGlobal
